
Microsoft Visual Studio Solution File, Format Version 12.00
# Visual Studio Version 16
VisualStudioVersion = 16.0.30611.23
MinimumVisualStudioVersion = 10.0.40219.1
Project("{FAE04EC0-301F-11D3-BF4B-00C04F79EFBC}") = "Ionici_Floriana_Lab5", "Ionici_Floriana_Lab5.csproj", "{756B2430-3CBE-4DBB-8E0A-857C06FFDE66}"
EndProject
Global
	GlobalSection(SolutionConfigurationPlatforms) = preSolution
		Debug|Any CPU = Debug|Any CPU
		Release|Any CPU = Release|Any CPU
	EndGlobalSection
	GlobalSection(ProjectConfigurationPlatforms) = postSolution
		{756B2430-3CBE-4DBB-8E0A-857C06FFDE66}.Debug|Any CPU.ActiveCfg = Debug|Any CPU
		{756B2430-3CBE-4DBB-8E0A-857C06FFDE66}.Debug|Any CPU.Build.0 = Debug|Any CPU
		{756B2430-3CBE-4DBB-8E0A-857C06FFDE66}.Release|Any CPU.ActiveCfg = Release|Any CPU
		{756B2430-3CBE-4DBB-8E0A-857C06FFDE66}.Release|Any CPU.Build.0 = Release|Any CPU
	EndGlobalSection
	GlobalSection(SolutionProperties) = preSolution
		HideSolutionNode = FALSE
	EndGlobalSection
	GlobalSection(ExtensibilityGlobals) = postSolution
		SolutionGuid = {9F7566FD-B67E-4877-8DEE-EFE3EAC775FB}
	EndGlobalSection
EndGlobal
